
Microsoft Visual Studio Solution File, Format Version 12.00
# Visual Studio Version 16
VisualStudioVersion = 16.0.29613.14
MinimumVisualStudioVersion = 10.0.40219.1
Project("{9A19103F-16F7-4668-BE54-9A1E7A4F7556}") = "SidebarDiagnostics", "SidebarDiagnostics\SidebarDiagnostics.csproj", "{A1174319-5065-453E-9864-9E7108419DDA}"
EndProject
Project("{9A19103F-16F7-4668-BE54-9A1E7A4F7556}") = "LibreHardwareMonitorLib", "LibreHardwareMonitor\LibreHardwareMonitorLib\LibreHardwareMonitorLib.csproj", "{F5031E9A-2C00-4739-9258-0CEB7A046D02}"
EndProject
Global
	GlobalSection(SolutionConfigurationPlatforms) = preSolution
		Debug|Any CPU = Debug|Any CPU
		Release|Any CPU = Release|Any CPU
	EndGlobalSection
	GlobalSection(ProjectConfigurationPlatforms) = postSolution
		{A1174319-5065-453E-9864-9E7108419DDA}.Debug|Any CPU.ActiveCfg = Debug|Any CPU
		{A1174319-5065-453E-9864-9E7108419DDA}.Debug|Any CPU.Build.0 = Debug|Any CPU
		{A1174319-5065-453E-9864-9E7108419DDA}.Release|Any CPU.ActiveCfg = Release|Any CPU
		{A1174319-5065-453E-9864-9E7108419DDA}.Release|Any CPU.Build.0 = Release|Any CPU
		{F5031E9A-2C00-4739-9258-0CEB7A046D02}.Debug|Any CPU.ActiveCfg = Debug|Any CPU
		{F5031E9A-2C00-4739-9258-0CEB7A046D02}.Debug|Any CPU.Build.0 = Debug|Any CPU
		{F5031E9A-2C00-4739-9258-0CEB7A046D02}.Release|Any CPU.ActiveCfg = Release|Any CPU
		{F5031E9A-2C00-4739-9258-0CEB7A046D02}.Release|Any CPU.Build.0 = Release|Any CPU
	EndGlobalSection
	GlobalSection(SolutionProperties) = preSolution
		HideSolutionNode = FALSE
	EndGlobalSection
	GlobalSection(ExtensibilityGlobals) = postSolution
		SolutionGuid = {7D04B831-4888-4A9A-860E-DEBF13B3354E}
	EndGlobalSection
EndGlobal
