
Microsoft Visual Studio Solution File, Format Version 12.00
# Visual Studio Version 16
VisualStudioVersion = 16.0.29920.165
MinimumVisualStudioVersion = 10.0.40219.1
Project("{FAE04EC0-301F-11D3-BF4B-00C04F79EFBC}") = "SidebarDiagnostics", "SidebarDiagnostics\SidebarDiagnostics.csproj", "{A1174319-5065-453E-9864-9E7108419DDA}"
EndProject
Project("{9A19103F-16F7-4668-BE54-9A1E7A4F7556}") = "LibreHardwareMonitorLib", "LibreHardwareMonitor\LibreHardwareMonitorLib\LibreHardwareMonitorLib.csproj", "{8C38AB06-AC1A-49A7-9683-5B4CA7FB0115}"
EndProject
Project("{C7167F0D-BC9F-4E6E-AFE1-012C56B48DB5}") = "SDUWP", "SDUWP\SDUWP.wapproj", "{DEE78A13-2704-4A6D-9ED4-65D748C23EF2}"
EndProject
Global
	GlobalSection(SolutionConfigurationPlatforms) = preSolution
		Debug|Any CPU = Debug|Any CPU
		Debug|ARM = Debug|ARM
		Debug|ARM64 = Debug|ARM64
		Debug|x64 = Debug|x64
		Debug|x86 = Debug|x86
		Release|Any CPU = Release|Any CPU
		Release|ARM = Release|ARM
		Release|ARM64 = Release|ARM64
		Release|x64 = Release|x64
		Release|x86 = Release|x86
	EndGlobalSection
	GlobalSection(ProjectConfigurationPlatforms) = postSolution
		{A1174319-5065-453E-9864-9E7108419DDA}.Debug|Any CPU.ActiveCfg = Debug|Any CPU
		{A1174319-5065-453E-9864-9E7108419DDA}.Debug|Any CPU.Build.0 = Debug|Any CPU
		{A1174319-5065-453E-9864-9E7108419DDA}.Debug|ARM.ActiveCfg = Debug|Any CPU
		{A1174319-5065-453E-9864-9E7108419DDA}.Debug|ARM.Build.0 = Debug|Any CPU
		{A1174319-5065-453E-9864-9E7108419DDA}.Debug|ARM64.ActiveCfg = Debug|Any CPU
		{A1174319-5065-453E-9864-9E7108419DDA}.Debug|ARM64.Build.0 = Debug|Any CPU
		{A1174319-5065-453E-9864-9E7108419DDA}.Debug|x64.ActiveCfg = Debug|Any CPU
		{A1174319-5065-453E-9864-9E7108419DDA}.Debug|x64.Build.0 = Debug|Any CPU
		{A1174319-5065-453E-9864-9E7108419DDA}.Debug|x86.ActiveCfg = Debug|Any CPU
		{A1174319-5065-453E-9864-9E7108419DDA}.Debug|x86.Build.0 = Debug|Any CPU
		{A1174319-5065-453E-9864-9E7108419DDA}.Release|Any CPU.ActiveCfg = Release|Any CPU
		{A1174319-5065-453E-9864-9E7108419DDA}.Release|Any CPU.Build.0 = Release|Any CPU
		{A1174319-5065-453E-9864-9E7108419DDA}.Release|ARM.ActiveCfg = Release|Any CPU
		{A1174319-5065-453E-9864-9E7108419DDA}.Release|ARM.Build.0 = Release|Any CPU
		{A1174319-5065-453E-9864-9E7108419DDA}.Release|ARM64.ActiveCfg = Release|Any CPU
		{A1174319-5065-453E-9864-9E7108419DDA}.Release|ARM64.Build.0 = Release|Any CPU
		{A1174319-5065-453E-9864-9E7108419DDA}.Release|x64.ActiveCfg = Release|Any CPU
		{A1174319-5065-453E-9864-9E7108419DDA}.Release|x64.Build.0 = Release|Any CPU
		{A1174319-5065-453E-9864-9E7108419DDA}.Release|x86.ActiveCfg = Release|Any CPU
		{A1174319-5065-453E-9864-9E7108419DDA}.Release|x86.Build.0 = Release|Any CPU
		{8C38AB06-AC1A-49A7-9683-5B4CA7FB0115}.Debug|Any CPU.ActiveCfg = Debug|Any CPU
		{8C38AB06-AC1A-49A7-9683-5B4CA7FB0115}.Debug|Any CPU.Build.0 = Debug|Any CPU
		{8C38AB06-AC1A-49A7-9683-5B4CA7FB0115}.Debug|ARM.ActiveCfg = Debug|Any CPU
		{8C38AB06-AC1A-49A7-9683-5B4CA7FB0115}.Debug|ARM.Build.0 = Debug|Any CPU
		{8C38AB06-AC1A-49A7-9683-5B4CA7FB0115}.Debug|ARM64.ActiveCfg = Debug|Any CPU
		{8C38AB06-AC1A-49A7-9683-5B4CA7FB0115}.Debug|ARM64.Build.0 = Debug|Any CPU
		{8C38AB06-AC1A-49A7-9683-5B4CA7FB0115}.Debug|x64.ActiveCfg = Debug|Any CPU
		{8C38AB06-AC1A-49A7-9683-5B4CA7FB0115}.Debug|x64.Build.0 = Debug|Any CPU
		{8C38AB06-AC1A-49A7-9683-5B4CA7FB0115}.Debug|x86.ActiveCfg = Debug|Any CPU
		{8C38AB06-AC1A-49A7-9683-5B4CA7FB0115}.Debug|x86.Build.0 = Debug|Any CPU
		{8C38AB06-AC1A-49A7-9683-5B4CA7FB0115}.Release|Any CPU.ActiveCfg = Release|Any CPU
		{8C38AB06-AC1A-49A7-9683-5B4CA7FB0115}.Release|Any CPU.Build.0 = Release|Any CPU
		{8C38AB06-AC1A-49A7-9683-5B4CA7FB0115}.Release|ARM.ActiveCfg = Release|Any CPU
		{8C38AB06-AC1A-49A7-9683-5B4CA7FB0115}.Release|ARM.Build.0 = Release|Any CPU
		{8C38AB06-AC1A-49A7-9683-5B4CA7FB0115}.Release|ARM64.ActiveCfg = Release|Any CPU
		{8C38AB06-AC1A-49A7-9683-5B4CA7FB0115}.Release|ARM64.Build.0 = Release|Any CPU
		{8C38AB06-AC1A-49A7-9683-5B4CA7FB0115}.Release|x64.ActiveCfg = Release|Any CPU
		{8C38AB06-AC1A-49A7-9683-5B4CA7FB0115}.Release|x64.Build.0 = Release|Any CPU
		{8C38AB06-AC1A-49A7-9683-5B4CA7FB0115}.Release|x86.ActiveCfg = Release|Any CPU
		{8C38AB06-AC1A-49A7-9683-5B4CA7FB0115}.Release|x86.Build.0 = Release|Any CPU
		{DEE78A13-2704-4A6D-9ED4-65D748C23EF2}.Debug|Any CPU.ActiveCfg = Debug|Any CPU
		{DEE78A13-2704-4A6D-9ED4-65D748C23EF2}.Debug|Any CPU.Build.0 = Debug|Any CPU
		{DEE78A13-2704-4A6D-9ED4-65D748C23EF2}.Debug|Any CPU.Deploy.0 = Debug|Any CPU
		{DEE78A13-2704-4A6D-9ED4-65D748C23EF2}.Debug|ARM.ActiveCfg = Debug|ARM
		{DEE78A13-2704-4A6D-9ED4-65D748C23EF2}.Debug|ARM.Build.0 = Debug|ARM
		{DEE78A13-2704-4A6D-9ED4-65D748C23EF2}.Debug|ARM.Deploy.0 = Debug|ARM
		{DEE78A13-2704-4A6D-9ED4-65D748C23EF2}.Debug|ARM64.ActiveCfg = Debug|ARM64
		{DEE78A13-2704-4A6D-9ED4-65D748C23EF2}.Debug|ARM64.Build.0 = Debug|ARM64
		{DEE78A13-2704-4A6D-9ED4-65D748C23EF2}.Debug|ARM64.Deploy.0 = Debug|ARM64
		{DEE78A13-2704-4A6D-9ED4-65D748C23EF2}.Debug|x64.ActiveCfg = Debug|x64
		{DEE78A13-2704-4A6D-9ED4-65D748C23EF2}.Debug|x64.Build.0 = Debug|x64
		{DEE78A13-2704-4A6D-9ED4-65D748C23EF2}.Debug|x64.Deploy.0 = Debug|x64
		{DEE78A13-2704-4A6D-9ED4-65D748C23EF2}.Debug|x86.ActiveCfg = Debug|x86
		{DEE78A13-2704-4A6D-9ED4-65D748C23EF2}.Debug|x86.Build.0 = Debug|x86
		{DEE78A13-2704-4A6D-9ED4-65D748C23EF2}.Debug|x86.Deploy.0 = Debug|x86
		{DEE78A13-2704-4A6D-9ED4-65D748C23EF2}.Release|Any CPU.ActiveCfg = Release|Any CPU
		{DEE78A13-2704-4A6D-9ED4-65D748C23EF2}.Release|Any CPU.Build.0 = Release|Any CPU
		{DEE78A13-2704-4A6D-9ED4-65D748C23EF2}.Release|Any CPU.Deploy.0 = Release|Any CPU
		{DEE78A13-2704-4A6D-9ED4-65D748C23EF2}.Release|ARM.ActiveCfg = Release|ARM
		{DEE78A13-2704-4A6D-9ED4-65D748C23EF2}.Release|ARM.Build.0 = Release|ARM
		{DEE78A13-2704-4A6D-9ED4-65D748C23EF2}.Release|ARM.Deploy.0 = Release|ARM
		{DEE78A13-2704-4A6D-9ED4-65D748C23EF2}.Release|ARM64.ActiveCfg = Release|ARM64
		{DEE78A13-2704-4A6D-9ED4-65D748C23EF2}.Release|ARM64.Build.0 = Release|ARM64
		{DEE78A13-2704-4A6D-9ED4-65D748C23EF2}.Release|ARM64.Deploy.0 = Release|ARM64
		{DEE78A13-2704-4A6D-9ED4-65D748C23EF2}.Release|x64.ActiveCfg = Release|x64
		{DEE78A13-2704-4A6D-9ED4-65D748C23EF2}.Release|x64.Build.0 = Release|x64
		{DEE78A13-2704-4A6D-9ED4-65D748C23EF2}.Release|x64.Deploy.0 = Release|x64
		{DEE78A13-2704-4A6D-9ED4-65D748C23EF2}.Release|x86.ActiveCfg = Release|x86
		{DEE78A13-2704-4A6D-9ED4-65D748C23EF2}.Release|x86.Build.0 = Release|x86
		{DEE78A13-2704-4A6D-9ED4-65D748C23EF2}.Release|x86.Deploy.0 = Release|x86
	EndGlobalSection
	GlobalSection(SolutionProperties) = preSolution
		HideSolutionNode = FALSE
	EndGlobalSection
	GlobalSection(ExtensibilityGlobals) = postSolution
		SolutionGuid = {57150843-DDB4-488E-8A35-F34859E4DE57}
	EndGlobalSection
EndGlobal
